
Microsoft Visual Studio Solution File, Format Version 12.00
# Visual Studio Version 16
VisualStudioVersion = 16.0.34407.143
MinimumVisualStudioVersion = 10.0.40219.1
Project("{FAE04EC0-301F-11D3-BF4B-00C04F79EFBC}") = "Subspace-Discovery-stf-Extractor", "Subspace-Discovery-stf-Extractor.csproj", "{F22A4763-EA32-4FCD-81C6-B0D22153099F}"
EndProject
Global
	GlobalSection(SolutionConfigurationPlatforms) = preSolution
		Debug|Any CPU = Debug|Any CPU
		Release|Any CPU = Release|Any CPU
	EndGlobalSection
	GlobalSection(ProjectConfigurationPlatforms) = postSolution
		{F22A4763-EA32-4FCD-81C6-B0D22153099F}.Debug|Any CPU.ActiveCfg = Debug|Any CPU
		{F22A4763-EA32-4FCD-81C6-B0D22153099F}.Debug|Any CPU.Build.0 = Debug|Any CPU
		{F22A4763-EA32-4FCD-81C6-B0D22153099F}.Release|Any CPU.ActiveCfg = Release|Any CPU
		{F22A4763-EA32-4FCD-81C6-B0D22153099F}.Release|Any CPU.Build.0 = Release|Any CPU
	EndGlobalSection
	GlobalSection(SolutionProperties) = preSolution
		HideSolutionNode = FALSE
	EndGlobalSection
	GlobalSection(ExtensibilityGlobals) = postSolution
		SolutionGuid = {5A7F6272-4C3D-49DD-A877-4A981B55AC16}
	EndGlobalSection
EndGlobal
